
Microsoft Visual Studio Solution File, Format Version 12.00
# Visual Studio Version 17
VisualStudioVersion = 17.8.34525.116
MinimumVisualStudioVersion = 10.0.40219.1
Project("{9A19103F-16F7-4668-BE54-9A1E7A4F7556}") = "FinTrack.Api", "FinTrack.Api\FinTrack.Api.csproj", "{8BC485C2-2411-4F50-86ED-C230B1A64EFD}"
EndProject
Global
	GlobalSection(SolutionConfigurationPlatforms) = preSolution
		Debug|Any CPU = Debug|Any CPU
		Release|Any CPU = Release|Any CPU
	EndGlobalSection
	GlobalSection(ProjectConfigurationPlatforms) = postSolution
		{8BC485C2-2411-4F50-86ED-C230B1A64EFD}.Debug|Any CPU.ActiveCfg = Debug|Any CPU
		{8BC485C2-2411-4F50-86ED-C230B1A64EFD}.Debug|Any CPU.Build.0 = Debug|Any CPU
		{8BC485C2-2411-4F50-86ED-C230B1A64EFD}.Release|Any CPU.ActiveCfg = Release|Any CPU
		{8BC485C2-2411-4F50-86ED-C230B1A64EFD}.Release|Any CPU.Build.0 = Release|Any CPU
	EndGlobalSection
	GlobalSection(SolutionProperties) = preSolution
		HideSolutionNode = FALSE
	EndGlobalSection
	GlobalSection(ExtensibilityGlobals) = postSolution
		SolutionGuid = {DF0CB1C0-B9D0-45D3-9BE8-62A34524F3FA}
	EndGlobalSection
EndGlobal
