
Microsoft Visual Studio Solution File, Format Version 12.00
# Visual Studio Version 17
VisualStudioVersion = 17.5.002.0
MinimumVisualStudioVersion = 10.0.40219.1
Project("{9A19103F-16F7-4668-BE54-9A1E7A4F7556}") = "FinTrack.Api", "FinTrack.Api.csproj", "{BCCCC7C6-E153-4234-94E1-5BE4A8D597B9}"
EndProject
Global
	GlobalSection(SolutionConfigurationPlatforms) = preSolution
		Debug|Any CPU = Debug|Any CPU
		Release|Any CPU = Release|Any CPU
	EndGlobalSection
	GlobalSection(ProjectConfigurationPlatforms) = postSolution
		{BCCCC7C6-E153-4234-94E1-5BE4A8D597B9}.Debug|Any CPU.ActiveCfg = Debug|Any CPU
		{BCCCC7C6-E153-4234-94E1-5BE4A8D597B9}.Debug|Any CPU.Build.0 = Debug|Any CPU
		{BCCCC7C6-E153-4234-94E1-5BE4A8D597B9}.Release|Any CPU.ActiveCfg = Release|Any CPU
		{BCCCC7C6-E153-4234-94E1-5BE4A8D597B9}.Release|Any CPU.Build.0 = Release|Any CPU
	EndGlobalSection
	GlobalSection(SolutionProperties) = preSolution
		HideSolutionNode = FALSE
	EndGlobalSection
	GlobalSection(ExtensibilityGlobals) = postSolution
		SolutionGuid = {A2B3FF80-58C8-48C8-B4E5-B33D129F7BAF}
	EndGlobalSection
EndGlobal
